
Microsoft Visual Studio Solution File, Format Version 12.00
# Visual Studio 15
VisualStudioVersion = 15.0.28010.2048
MinimumVisualStudioVersion = 10.0.40219.1
Project("{8BC9CEB8-8B4A-11D0-8D11-00A0C91BC942}") = "SelectStatement", "SelectStatement\SelectStatement.vcxproj", "{CAB03852-0435-4330-9322-2179D0664A29}"
EndProject
Project("{8BC9CEB8-8B4A-11D0-8D11-00A0C91BC942}") = "InsertStatement", "InsertStatement\InsertStatement.vcxproj", "{6A5AC9A5-DF8A-4731-9BBC-0D109A426745}"
EndProject
Project("{8BC9CEB8-8B4A-11D0-8D11-00A0C91BC942}") = "DSNLess_Insert", "DSNLess_Insert\DSNLess_Insert.vcxproj", "{0D14D61E-951F-45EC-9093-D85AC83357ED}"
EndProject
Project("{8BC9CEB8-8B4A-11D0-8D11-00A0C91BC942}") = "Bound_Unbound", "Bound_Unbound\Bound_Unbound.vcxproj", "{B8626AF2-2C5E-4AB5-8004-5F12BA3E4F32}"
EndProject
Global
	GlobalSection(SolutionConfigurationPlatforms) = preSolution
		Debug|x64 = Debug|x64
		Debug|x86 = Debug|x86
		Release|x64 = Release|x64
		Release|x86 = Release|x86
	EndGlobalSection
	GlobalSection(ProjectConfigurationPlatforms) = postSolution
		{CAB03852-0435-4330-9322-2179D0664A29}.Debug|x64.ActiveCfg = Debug|x64
		{CAB03852-0435-4330-9322-2179D0664A29}.Debug|x64.Build.0 = Debug|x64
		{CAB03852-0435-4330-9322-2179D0664A29}.Debug|x86.ActiveCfg = Debug|Win32
		{CAB03852-0435-4330-9322-2179D0664A29}.Debug|x86.Build.0 = Debug|Win32
		{CAB03852-0435-4330-9322-2179D0664A29}.Release|x64.ActiveCfg = Release|x64
		{CAB03852-0435-4330-9322-2179D0664A29}.Release|x64.Build.0 = Release|x64
		{CAB03852-0435-4330-9322-2179D0664A29}.Release|x86.ActiveCfg = Release|Win32
		{CAB03852-0435-4330-9322-2179D0664A29}.Release|x86.Build.0 = Release|Win32
		{6A5AC9A5-DF8A-4731-9BBC-0D109A426745}.Debug|x64.ActiveCfg = Debug|x64
		{6A5AC9A5-DF8A-4731-9BBC-0D109A426745}.Debug|x64.Build.0 = Debug|x64
		{6A5AC9A5-DF8A-4731-9BBC-0D109A426745}.Debug|x86.ActiveCfg = Debug|Win32
		{6A5AC9A5-DF8A-4731-9BBC-0D109A426745}.Debug|x86.Build.0 = Debug|Win32
		{6A5AC9A5-DF8A-4731-9BBC-0D109A426745}.Release|x64.ActiveCfg = Release|x64
		{6A5AC9A5-DF8A-4731-9BBC-0D109A426745}.Release|x64.Build.0 = Release|x64
		{6A5AC9A5-DF8A-4731-9BBC-0D109A426745}.Release|x86.ActiveCfg = Release|Win32
		{6A5AC9A5-DF8A-4731-9BBC-0D109A426745}.Release|x86.Build.0 = Release|Win32
		{0D14D61E-951F-45EC-9093-D85AC83357ED}.Debug|x64.ActiveCfg = Debug|x64
		{0D14D61E-951F-45EC-9093-D85AC83357ED}.Debug|x64.Build.0 = Debug|x64
		{0D14D61E-951F-45EC-9093-D85AC83357ED}.Debug|x86.ActiveCfg = Debug|Win32
		{0D14D61E-951F-45EC-9093-D85AC83357ED}.Debug|x86.Build.0 = Debug|Win32
		{0D14D61E-951F-45EC-9093-D85AC83357ED}.Release|x64.ActiveCfg = Release|x64
		{0D14D61E-951F-45EC-9093-D85AC83357ED}.Release|x64.Build.0 = Release|x64
		{0D14D61E-951F-45EC-9093-D85AC83357ED}.Release|x86.ActiveCfg = Release|Win32
		{0D14D61E-951F-45EC-9093-D85AC83357ED}.Release|x86.Build.0 = Release|Win32
		{B8626AF2-2C5E-4AB5-8004-5F12BA3E4F32}.Debug|x64.ActiveCfg = Debug|x64
		{B8626AF2-2C5E-4AB5-8004-5F12BA3E4F32}.Debug|x64.Build.0 = Debug|x64
		{B8626AF2-2C5E-4AB5-8004-5F12BA3E4F32}.Debug|x86.ActiveCfg = Debug|Win32
		{B8626AF2-2C5E-4AB5-8004-5F12BA3E4F32}.Debug|x86.Build.0 = Debug|Win32
		{B8626AF2-2C5E-4AB5-8004-5F12BA3E4F32}.Release|x64.ActiveCfg = Release|x64
		{B8626AF2-2C5E-4AB5-8004-5F12BA3E4F32}.Release|x64.Build.0 = Release|x64
		{B8626AF2-2C5E-4AB5-8004-5F12BA3E4F32}.Release|x86.ActiveCfg = Release|Win32
		{B8626AF2-2C5E-4AB5-8004-5F12BA3E4F32}.Release|x86.Build.0 = Release|Win32
	EndGlobalSection
	GlobalSection(SolutionProperties) = preSolution
		HideSolutionNode = FALSE
	EndGlobalSection
	GlobalSection(ExtensibilityGlobals) = postSolution
		SolutionGuid = {2E5D3EAF-5007-4285-AE53-F9AB13A7F940}
	EndGlobalSection
EndGlobal
